
Microsoft Visual Studio Solution File, Format Version 12.00
# Visual Studio 15
VisualStudioVersion = 15.0.28307.136
MinimumVisualStudioVersion = 10.0.40219.1
Project("{FAE04EC0-301F-11D3-BF4B-00C04F79EFBC}") = "PrimeNumberGenerator", "PrimeNumberGenerator\PrimeNumberGenerator.csproj", "{BB5C6625-5152-4342-B8A5-6866F522F65F}"
EndProject
Project("{FAE04EC0-301F-11D3-BF4B-00C04F79EFBC}") = "PrimeNumberGeneratorTests", "PrimeNumberGeneratorTests\PrimeNumberGeneratorTests.csproj", "{77FB28E4-EEFC-4690-9D49-11CFD544B143}"
EndProject
Global
	GlobalSection(SolutionConfigurationPlatforms) = preSolution
		Debug|Any CPU = Debug|Any CPU
		Release|Any CPU = Release|Any CPU
	EndGlobalSection
	GlobalSection(ProjectConfigurationPlatforms) = postSolution
		{BB5C6625-5152-4342-B8A5-6866F522F65F}.Debug|Any CPU.ActiveCfg = Debug|Any CPU
		{BB5C6625-5152-4342-B8A5-6866F522F65F}.Debug|Any CPU.Build.0 = Debug|Any CPU
		{BB5C6625-5152-4342-B8A5-6866F522F65F}.Release|Any CPU.ActiveCfg = Release|Any CPU
		{BB5C6625-5152-4342-B8A5-6866F522F65F}.Release|Any CPU.Build.0 = Release|Any CPU
		{77FB28E4-EEFC-4690-9D49-11CFD544B143}.Debug|Any CPU.ActiveCfg = Debug|Any CPU
		{77FB28E4-EEFC-4690-9D49-11CFD544B143}.Debug|Any CPU.Build.0 = Debug|Any CPU
		{77FB28E4-EEFC-4690-9D49-11CFD544B143}.Release|Any CPU.ActiveCfg = Release|Any CPU
		{77FB28E4-EEFC-4690-9D49-11CFD544B143}.Release|Any CPU.Build.0 = Release|Any CPU
	EndGlobalSection
	GlobalSection(SolutionProperties) = preSolution
		HideSolutionNode = FALSE
	EndGlobalSection
	GlobalSection(ExtensibilityGlobals) = postSolution
		SolutionGuid = {B54C9CC9-F148-475A-881B-A189806C1B58}
	EndGlobalSection
EndGlobal
